{
    "_meta": {
        "hash": {
            "sha256": "b36bc4d71187eecf16e29ea5cac80fa03ed73d5df3cdbde69d4d6d7cc1463f35"
        },
        "pipfile-spec": 6,
        "requires": {
            "python_version": "3.10"
        },
        "sources": [
            {
                "name": "pypi",
                "url": "https://pypi.org/simple",
                "verify_ssl": true
            }
        ]
    },
    "default": {},
    "develop": {}
}
